{
  "version": 4,
  "terraform_version": "1.3.9",
  "serial": 210,
  "lineage": "3fe98535-fe9d-724d-ae37-bd628c44e8d5",
  "outputs": {
    "cloud_run_instance_url": {
      "value": "https://lp-service-gsangjlgcq-uc.a.run.app",
      "type": "string"
    },
    "db_ip": {
      "value": "10.70.240.3",
      "type": "string"
    },
    "db_pass": {
      "value": "SZyxF8uwqU7HMQT6ZrDuTPyGoqEmgrkjWxsa",
      "type": "string",
      "sensitive": true
    },
    "load_balancer_ip": {
      "value": "34.160.16.24",
      "type": "string"
    }
  },
  "resources": [
    {
      "mode": "data",
      "type": "google_iam_policy",
      "name": "noauth",
      "provider": "provider[\"registry.terraform.io/hashicorp/google\"]",
      "instances": [
        {
          "schema_version": 0,
          "attributes": {
            "audit_config": null,
            "binding": [
              {
                "condition": [],
                "members": [
                  "allUsers"
                ],
                "role": "roles/run.invoker"
              }
            ],
            "id": "3450855414",
            "policy_data": "{\"bindings\":[{\"members\":[\"allUsers\"],\"role\":\"roles/run.invoker\"}]}"
          },
          "sensitive_attributes": []
        }
      ]
    },
    {
      "mode": "managed",
      "type": "google_cloud_run_service",
      "name": "lp",
      "provider": "provider[\"registry.terraform.io/hashicorp/google\"]",
      "instances": [
        {
          "schema_version": 1,
          "attributes": {
            "autogenerate_revision_name": true,
            "id": "locations/us-central1/namespaces/lptest-380322/services/lp-service",
            "location": "us-central1",
            "metadata": [
              {
                "annotations": {
                  "run.googleapis.com/ingress": "all",
                  "run.googleapis.com/ingress-status": "all",
                  "run.googleapis.com/operation-id": "8bf39aab-903c-49ed-80ce-8ad4f4549e80",
                  "serving.knative.dev/creator": "errol@sancaktar.net",
                  "serving.knative.dev/lastModifier": "errol@sancaktar.net"
                },
                "generation": 6,
                "labels": {
                  "cloud.googleapis.com/location": "us-central1"
                },
                "namespace": "lptest-380322",
                "resource_version": "AAX2ujdYNYU",
                "self_link": "/apis/serving.knative.dev/v1/namespaces/1092708938667/services/lp-service",
                "uid": "e44c026d-027d-49a7-aa24-77c9c900a3fd"
              }
            ],
            "name": "lp-service",
            "project": "lptest-380322",
            "status": [
              {
                "conditions": [
                  {
                    "message": "",
                    "reason": "",
                    "status": "True",
                    "type": "Ready"
                  },
                  {
                    "message": "",
                    "reason": "",
                    "status": "True",
                    "type": "ConfigurationsReady"
                  },
                  {
                    "message": "",
                    "reason": "",
                    "status": "True",
                    "type": "RoutesReady"
                  }
                ],
                "latest_created_revision_name": "lp-service-tcd5z",
                "latest_ready_revision_name": "lp-service-tcd5z",
                "observed_generation": 6,
                "url": "https://lp-service-gsangjlgcq-uc.a.run.app"
              }
            ],
            "template": [
              {
                "metadata": [
                  {
                    "annotations": {
                      "autoscaling.knative.dev/maxScale": "2",
                      "run.googleapis.com/vpc-access-connector": "run-vpc",
                      "run.googleapis.com/vpc-access-egress": "all-traffic"
                    },
                    "generation": 0,
                    "labels": {},
                    "name": "",
                    "namespace": "",
                    "resource_version": "",
                    "self_link": "",
                    "uid": ""
                  }
                ],
                "spec": [
                  {
                    "container_concurrency": 80,
                    "containers": [
                      {
                        "args": [],
                        "command": [],
                        "env": [
                          {
                            "name": "DATABASE",
                            "value": "postgresql://lpuser:SZyxF8uwqU7HMQT6ZrDuTPyGoqEmgrkjWxsa@10.70.240.3:5432/remmina"
                          },
                          {
                            "name": "SCHEDULE",
                            "value": "* * * * *"
                          },
                          {
                            "name": "TESTSERVER",
                            "value": "denver.speedtest.centurylink.net:8080"
                          },
                          {
                            "name": "TZ",
                            "value": "America/Denver"
                          }
                        ],
                        "env_from": [],
                        "image": "ansemjo/speedtest",
                        "ports": [
                          {
                            "container_port": 8000,
                            "name": "http1",
                            "protocol": ""
                          }
                        ],
                        "resources": [
                          {
                            "limits": {
                              "cpu": "1000m",
                              "memory": "512Mi"
                            },
                            "requests": {}
                          }
                        ],
                        "working_dir": ""
                      }
                    ],
                    "service_account_name": "1092708938667-compute@developer.gserviceaccount.com",
                    "serving_state": "",
                    "timeout_seconds": 300
                  }
                ]
              }
            ],
            "timeouts": null,
            "traffic": [
              {
                "latest_revision": true,
                "percent": 100,
                "revision_name": ""
              }
            ]
          },
          "sensitive_attributes": [
            [
              {
                "type": "get_attr",
                "value": "template"
              },
              {
                "type": "index",
                "value": {
                  "value": 0,
                  "type": "number"
                }
              },
              {
                "type": "get_attr",
                "value": "spec"
              },
              {
                "type": "index",
                "value": {
                  "value": 0,
                  "type": "number"
                }
              },
              {
                "type": "get_attr",
                "value": "containers"
              },
              {
                "type": "index",
                "value": {
                  "value": 0,
                  "type": "number"
                }
              },
              {
                "type": "get_attr",
                "value": "env"
              }
            ]
          ],
          "private": "eyJlMmJmYjczMC1lY2FhLTExZTYtOGY4OC0zNDM2M2JjN2M0YzAiOnsiY3JlYXRlIjozNjAwMDAwMDAwMDAsImRlbGV0ZSI6MjQwMDAwMDAwMDAwLCJ1cGRhdGUiOjkwMDAwMDAwMDAwMH0sInNjaGVtYV92ZXJzaW9uIjoiMSJ9",
          "dependencies": [
            "google_sql_database_instance.main",
            "google_vpc_access_connector.lp-connector",
            "random_password.db"
          ]
        }
      ]
    },
    {
      "mode": "managed",
      "type": "google_cloud_run_service_iam_member",
      "name": "lp-cr-svc",
      "provider": "provider[\"registry.terraform.io/hashicorp/google\"]",
      "instances": [
        {
          "schema_version": 0,
          "attributes": {
            "condition": [],
            "etag": "BwX2uXl0+gQ=",
            "id": "v1/projects/lptest-380322/locations/us-central1/services/lp-service/roles/run.invoker/allUsers",
            "location": "us-central1",
            "member": "allUsers",
            "project": "lptest-380322",
            "role": "roles/run.invoker",
            "service": "v1/projects/lptest-380322/locations/us-central1/services/lp-service"
          },
          "sensitive_attributes": [],
          "private": "bnVsbA==",
          "dependencies": [
            "google_cloud_run_service.lp",
            "google_compute_global_address.private_ip_block",
            "google_service_networking_connection.private_vpc_connection",
            "google_sql_database_instance.main",
            "google_vpc_access_connector.lp-connector",
            "module.vpc.module.subnets.google_compute_subnetwork.subnetwork",
            "module.vpc.module.vpc.google_compute_network.network",
            "random_password.db"
          ]
        }
      ]
    },
    {
      "mode": "managed",
      "type": "google_cloud_run_service_iam_policy",
      "name": "noauth",
      "provider": "provider[\"registry.terraform.io/hashicorp/google\"]",
      "instances": [
        {
          "schema_version": 0,
          "attributes": {
            "etag": "BwX2uXl0+gQ=",
            "id": "v1/projects/lptest-380322/locations/us-central1/services/lp-service",
            "location": "us-central1",
            "policy_data": "{\"bindings\":[{\"members\":[\"allUsers\"],\"role\":\"roles/run.invoker\"}]}",
            "project": "lptest-380322",
            "service": "v1/projects/lptest-380322/locations/us-central1/services/lp-service"
          },
          "sensitive_attributes": [],
          "private": "bnVsbA==",
          "dependencies": [
            "data.google_iam_policy.noauth",
            "google_cloud_run_service.lp",
            "google_compute_global_address.private_ip_block",
            "google_service_networking_connection.private_vpc_connection",
            "google_sql_database_instance.main",
            "google_vpc_access_connector.lp-connector",
            "module.vpc.module.subnets.google_compute_subnetwork.subnetwork",
            "module.vpc.module.vpc.google_compute_network.network",
            "random_password.db"
          ]
        }
      ]
    },
    {
      "mode": "managed",
      "type": "google_compute_global_address",
      "name": "private_ip_block",
      "provider": "provider[\"registry.terraform.io/hashicorp/google\"]",
      "instances": [
        {
          "schema_version": 0,
          "attributes": {
            "address": "10.70.240.0",
            "address_type": "INTERNAL",
            "creation_timestamp": "2023-03-12T12:38:40.811-07:00",
            "description": "",
            "id": "projects/lptest-380322/global/addresses/private-ip-block",
            "ip_version": "",
            "name": "private-ip-block",
            "network": "https://www.googleapis.com/compute/v1/projects/lptest-380322/global/networks/lp",
            "prefix_length": 20,
            "project": "lptest-380322",
            "purpose": "VPC_PEERING",
            "self_link": "https://www.googleapis.com/compute/v1/projects/lptest-380322/global/addresses/private-ip-block",
            "timeouts": null
          },
          "sensitive_attributes": [],
          "private": "eyJlMmJmYjczMC1lY2FhLTExZTYtOGY4OC0zNDM2M2JjN2M0YzAiOnsiY3JlYXRlIjoyNDAwMDAwMDAwMDAsImRlbGV0ZSI6MjQwMDAwMDAwMDAwfX0=",
          "dependencies": [
            "module.vpc.module.vpc.google_compute_network.network"
          ]
        }
      ]
    },
    {
      "mode": "managed",
      "type": "google_compute_region_network_endpoint_group",
      "name": "lp_neg",
      "provider": "provider[\"registry.terraform.io/hashicorp/google\"]",
      "instances": [
        {
          "schema_version": 0,
          "attributes": {
            "app_engine": [],
            "cloud_function": [],
            "cloud_run": [
              {
                "service": "lp-service",
                "tag": "",
                "url_mask": ""
              }
            ],
            "description": "",
            "id": "projects/lptest-380322/regions/us-central1/networkEndpointGroups/remmina-neg",
            "name": "remmina-neg",
            "network_endpoint_type": "SERVERLESS",
            "project": "lptest-380322",
            "region": "https://www.googleapis.com/compute/v1/projects/lptest-380322/regions/us-central1",
            "self_link": "https://www.googleapis.com/compute/v1/projects/lptest-380322/regions/us-central1/networkEndpointGroups/remmina-neg",
            "timeouts": null
          },
          "sensitive_attributes": [],
          "private": "eyJlMmJmYjczMC1lY2FhLTExZTYtOGY4OC0zNDM2M2JjN2M0YzAiOnsiY3JlYXRlIjoyNDAwMDAwMDAwMDAsImRlbGV0ZSI6MjQwMDAwMDAwMDAwfX0=",
          "dependencies": [
            "google_cloud_run_service.lp",
            "google_compute_global_address.private_ip_block",
            "google_service_networking_connection.private_vpc_connection",
            "google_sql_database_instance.main",
            "google_vpc_access_connector.lp-connector",
            "module.vpc.module.subnets.google_compute_subnetwork.subnetwork",
            "module.vpc.module.vpc.google_compute_network.network",
            "random_password.db"
          ]
        }
      ]
    },
    {
      "mode": "managed",
      "type": "google_project_service",
      "name": "compute_api",
      "provider": "provider[\"registry.terraform.io/hashicorp/google\"]",
      "instances": [
        {
          "schema_version": 0,
          "attributes": {
            "disable_dependent_services": null,
            "disable_on_destroy": false,
            "id": "lptest-380322/compute.googleapis.com",
            "project": "lptest-380322",
            "service": "compute.googleapis.com",
            "timeouts": null
          },
          "sensitive_attributes": [],
          "private": "eyJlMmJmYjczMC1lY2FhLTExZTYtOGY4OC0zNDM2M2JjN2M0YzAiOnsiY3JlYXRlIjoxMjAwMDAwMDAwMDAwLCJkZWxldGUiOjEyMDAwMDAwMDAwMDAsInJlYWQiOjYwMDAwMDAwMDAwMCwidXBkYXRlIjoxMjAwMDAwMDAwMDAwfX0="
        }
      ]
    },
    {
      "mode": "managed",
      "type": "google_service_networking_connection",
      "name": "private_vpc_connection",
      "provider": "provider[\"registry.terraform.io/hashicorp/google\"]",
      "instances": [
        {
          "schema_version": 0,
          "attributes": {
            "id": "projects%2Flptest-380322%2Fglobal%2Fnetworks%2Flp:servicenetworking.googleapis.com",
            "network": "projects/lptest-380322/global/networks/lp",
            "peering": "servicenetworking-googleapis-com",
            "reserved_peering_ranges": [
              "private-ip-block"
            ],
            "service": "servicenetworking.googleapis.com",
            "timeouts": null
          },
          "sensitive_attributes": [],
          "private": "eyJlMmJmYjczMC1lY2FhLTExZTYtOGY4OC0zNDM2M2JjN2M0YzAiOnsiY3JlYXRlIjo2MDAwMDAwMDAwMDAsImRlbGV0ZSI6NjAwMDAwMDAwMDAwLCJ1cGRhdGUiOjYwMDAwMDAwMDAwMH19",
          "dependencies": [
            "google_compute_global_address.private_ip_block",
            "module.vpc.module.vpc.google_compute_network.network"
          ]
        }
      ]
    },
    {
      "mode": "managed",
      "type": "google_sql_database",
      "name": "lp-db",
      "provider": "provider[\"registry.terraform.io/hashicorp/google\"]",
      "instances": [
        {
          "schema_version": 0,
          "attributes": {
            "charset": "UTF8",
            "collation": "en_US.UTF8",
            "id": "projects/lptest-380322/instances/remmina-db/databases/remmina",
            "instance": "remmina-db",
            "name": "remmina",
            "project": "lptest-380322",
            "self_link": "https://sqladmin.googleapis.com/sql/v1beta4/projects/lptest-380322/instances/remmina-db/databases/remmina",
            "timeouts": null
          },
          "sensitive_attributes": [],
          "private": "eyJlMmJmYjczMC1lY2FhLTExZTYtOGY4OC0zNDM2M2JjN2M0YzAiOnsiY3JlYXRlIjo5MDAwMDAwMDAwMDAsImRlbGV0ZSI6NjAwMDAwMDAwMDAwLCJ1cGRhdGUiOjYwMDAwMDAwMDAwMH19",
          "dependencies": [
            "google_compute_global_address.private_ip_block",
            "google_service_networking_connection.private_vpc_connection",
            "google_sql_database_instance.main",
            "module.vpc.module.vpc.google_compute_network.network"
          ]
        }
      ]
    },
    {
      "mode": "managed",
      "type": "google_sql_database_instance",
      "name": "main",
      "provider": "provider[\"registry.terraform.io/hashicorp/google\"]",
      "instances": [
        {
          "schema_version": 0,
          "attributes": {
            "clone": [],
            "connection_name": "lptest-380322:us-central1:remmina-db",
            "database_version": "POSTGRES_14",
            "deletion_protection": false,
            "first_ip_address": "10.70.240.3",
            "id": "remmina-db",
            "ip_address": [
              {
                "ip_address": "10.70.240.3",
                "time_to_retire": "",
                "type": "PRIVATE"
              }
            ],
            "master_instance_name": "",
            "name": "remmina-db",
            "private_ip_address": "10.70.240.3",
            "project": "lptest-380322",
            "public_ip_address": "",
            "region": "us-central1",
            "replica_configuration": [],
            "restore_backup_context": [],
            "root_password": null,
            "self_link": "https://sqladmin.googleapis.com/sql/v1beta4/projects/lptest-380322/instances/remmina-db",
            "server_ca_cert": [
              {
                "cert": "-----BEGIN CERTIFICATE-----\nMIIDfzCCAmegAwIBAgIBADANBgkqhkiG9w0BAQsFADB3MS0wKwYDVQQuEyRmZDFi\nNjEyOS0zNzI4LTQ3NmYtYjg1ZC0yMGM0YWQxZGMzMjMxIzAhBgNVBAMTGkdvb2ds\nZSBDbG91ZCBTUUwgU2VydmVyIENBMRQwEgYDVQQKEwtHb29nbGUsIEluYzELMAkG\nA1UEBhMCVVMwHhcNMjMwMzEyMTk0MTUyWhcNMzMwMzA5MTk0MjUyWjB3MS0wKwYD\nVQQuEyRmZDFiNjEyOS0zNzI4LTQ3NmYtYjg1ZC0yMGM0YWQxZGMzMjMxIzAhBgNV\nBAMTGkdvb2dsZSBDbG91ZCBTUUwgU2VydmVyIENBMRQwEgYDVQQKEwtHb29nbGUs\nIEluYzELMAkGA1UEBhMCVVMwggEiMA0GCSqGSIb3DQEBAQUAA4IBDwAwggEKAoIB\nAQCDu2pZ3aDQff3fV4QMCxNAC+KBIJBADYMrj/USoJYVWTziN+qyPmr8N3L5afw1\ne1NSfDqnDXi9zNcYbRec3XynPHbkBvNJ1n+iHJrFQKmHfRwVd9Eh1tKF41NlafZV\nyw6KkAHpIsuDiOwePqzcXV7RMx862GDoZZqN3X7mpzPZPDw2y3C4dvyJ/0sw875d\nKddx9nf7053Aje/n4vrix30LnrIJniCsHKkMYxxL93Xenajpix/fzKYJJxIbL99H\nRqzMk5ImD1p12KsCGUlF78VEWqp7HxDFX4vL8mmTzqPoith9OA9qTW8S3Ifh0GL9\n7wYd/Ys02gitEaffWEaMAgm7AgMBAAGjFjAUMBIGA1UdEwEB/wQIMAYBAf8CAQAw\nDQYJKoZIhvcNAQELBQADggEBACfPk4RHaENvEmeyAluwopZgKp3A1Yrosy1odWh9\nFXsGDXn4NTq2EFlkSB1XJvRJEy++f5MtsG2OFPRlNgtMmPQobUdwGzZqhUmyDqAv\nUxxzmKqo0BKVTl3lqj/B2KJh93gjwIUrmFR1ZQfNc279AQuhhcEtMOiGaM/uCl9W\nJO/d1tP5yc+p7+JHg7DyRGeYeSqV1ygqP3sbdmI0xI0fu2gDx822wADQd/LW2H8C\nz3+NrZmFjCCFpq/hBmkc0Zg4Au0iVa8kIadUeWB9zi/RktiTn3+qv0ZGLfNheoWB\nGjB06DE8QBi+1X7OsvSv0zWAsO70FqcnjYcIyGLMhuwqUjM=\n-----END CERTIFICATE-----",
                "common_name": "C=US,O=Google\\, Inc,CN=Google Cloud SQL Server CA,dnQualifier=fd1b6129-3728-476f-b85d-20c4ad1dc323",
                "create_time": "2023-03-12T19:41:52.038Z",
                "expiration_time": "2033-03-09T19:42:52.038Z",
                "sha1_fingerprint": "a7228794e39119d583f05dfc60171d337093064b"
              }
            ],
            "service_account_email_address": "p1092708938667-oh6kx5@gcp-sa-cloud-sql.iam.gserviceaccount.com",
            "settings": [
              {
                "activation_policy": "ALWAYS",
                "authorized_gae_applications": [],
                "availability_type": "ZONAL",
                "backup_configuration": [
                  {
                    "backup_retention_settings": [
                      {
                        "retained_backups": 7,
                        "retention_unit": "COUNT"
                      }
                    ],
                    "binary_log_enabled": false,
                    "enabled": false,
                    "location": "",
                    "point_in_time_recovery_enabled": false,
                    "start_time": "19:00",
                    "transaction_log_retention_days": 7
                  }
                ],
                "collation": "",
                "crash_safe_replication": false,
                "database_flags": [],
                "disk_autoresize": true,
                "disk_autoresize_limit": 0,
                "disk_size": 10,
                "disk_type": "PD_SSD",
                "insights_config": [],
                "ip_configuration": [
                  {
                    "authorized_networks": [],
                    "ipv4_enabled": false,
                    "private_network": "projects/lptest-380322/global/networks/lp",
                    "require_ssl": false
                  }
                ],
                "location_preference": [
                  {
                    "follow_gae_application": "",
                    "zone": "us-central1-b"
                  }
                ],
                "maintenance_window": [],
                "pricing_plan": "PER_USE",
                "replication_type": "SYNCHRONOUS",
                "tier": "db-g1-small",
                "user_labels": {},
                "version": 4
              }
            ],
            "timeouts": null
          },
          "sensitive_attributes": [],
          "private": "eyJlMmJmYjczMC1lY2FhLTExZTYtOGY4OC0zNDM2M2JjN2M0YzAiOnsiY3JlYXRlIjoxODAwMDAwMDAwMDAwLCJkZWxldGUiOjE4MDAwMDAwMDAwMDAsInVwZGF0ZSI6MTgwMDAwMDAwMDAwMH19",
          "dependencies": [
            "google_compute_global_address.private_ip_block",
            "google_service_networking_connection.private_vpc_connection",
            "module.vpc.module.vpc.google_compute_network.network"
          ]
        }
      ]
    },
    {
      "mode": "managed",
      "type": "google_sql_user",
      "name": "this",
      "provider": "provider[\"registry.terraform.io/hashicorp/google\"]",
      "instances": [
        {
          "schema_version": 1,
          "attributes": {
            "deletion_policy": null,
            "host": "",
            "id": "lpuser//remmina-db",
            "instance": "remmina-db",
            "name": "lpuser",
            "password": "SZyxF8uwqU7HMQT6ZrDuTPyGoqEmgrkjWxsa",
            "project": "lptest-380322",
            "timeouts": null,
            "type": ""
          },
          "sensitive_attributes": [
            [
              {
                "type": "get_attr",
                "value": "password"
              }
            ]
          ],
          "private": "eyJlMmJmYjczMC1lY2FhLTExZTYtOGY4OC0zNDM2M2JjN2M0YzAiOnsiY3JlYXRlIjo2MDAwMDAwMDAwMDAsImRlbGV0ZSI6NjAwMDAwMDAwMDAwLCJ1cGRhdGUiOjYwMDAwMDAwMDAwMH0sInNjaGVtYV92ZXJzaW9uIjoiMSJ9",
          "dependencies": [
            "google_compute_global_address.private_ip_block",
            "google_service_networking_connection.private_vpc_connection",
            "google_sql_database_instance.main",
            "module.vpc.module.vpc.google_compute_network.network",
            "random_password.db"
          ]
        }
      ]
    },
    {
      "mode": "managed",
      "type": "google_vpc_access_connector",
      "name": "lp-connector",
      "provider": "provider[\"registry.terraform.io/hashicorp/google-beta\"]",
      "instances": [
        {
          "schema_version": 0,
          "attributes": {
            "id": "projects/lptest-380322/locations/us-central1/connectors/run-vpc",
            "ip_cidr_range": "",
            "machine_type": "e2-micro",
            "max_instances": 3,
            "max_throughput": 300,
            "min_instances": 2,
            "min_throughput": 200,
            "name": "run-vpc",
            "network": "lp",
            "project": "lptest-380322",
            "region": "us-central1",
            "self_link": "projects/lptest-380322/locations/us-central1/connectors/run-vpc",
            "state": "READY",
            "subnet": [
              {
                "name": "lp-pvt",
                "project_id": "lptest-380322"
              }
            ],
            "timeouts": null
          },
          "sensitive_attributes": [],
          "private": "eyJlMmJmYjczMC1lY2FhLTExZTYtOGY4OC0zNDM2M2JjN2M0YzAiOnsiY3JlYXRlIjozNjAwMDAwMDAwMDAsImRlbGV0ZSI6NjAwMDAwMDAwMDAwfX0=",
          "dependencies": [
            "module.vpc.module.subnets.google_compute_subnetwork.subnetwork",
            "module.vpc.module.vpc.google_compute_network.network"
          ]
        }
      ]
    },
    {
      "mode": "managed",
      "type": "random_password",
      "name": "db",
      "provider": "provider[\"registry.terraform.io/hashicorp/random\"]",
      "instances": [
        {
          "schema_version": 3,
          "attributes": {
            "bcrypt_hash": "$2a$10$aayZpbrDUMPMDOceEB8.qONscc/MwvRkL2ao1QLs6T7lluZ1XIm3a",
            "id": "none",
            "keepers": null,
            "length": 36,
            "lower": true,
            "min_lower": 5,
            "min_numeric": 0,
            "min_special": 0,
            "min_upper": 5,
            "number": true,
            "numeric": true,
            "override_special": null,
            "result": "SZyxF8uwqU7HMQT6ZrDuTPyGoqEmgrkjWxsa",
            "special": false,
            "upper": true
          },
          "sensitive_attributes": []
        }
      ]
    },
    {
      "module": "module.lb-http",
      "mode": "managed",
      "type": "google_compute_backend_service",
      "name": "default",
      "provider": "provider[\"registry.terraform.io/hashicorp/google-beta\"]",
      "instances": [
        {
          "index_key": "default",
          "schema_version": 1,
          "attributes": {
            "affinity_cookie_ttl_sec": 0,
            "backend": [
              {
                "balancing_mode": "UTILIZATION",
                "capacity_scaler": 1,
                "description": "",
                "group": "https://www.googleapis.com/compute/v1/projects/lptest-380322/regions/us-central1/networkEndpointGroups/remmina-neg",
                "max_connections": 0,
                "max_connections_per_endpoint": 0,
                "max_connections_per_instance": 0,
                "max_rate": 0,
                "max_rate_per_endpoint": 0,
                "max_rate_per_instance": 0,
                "max_utilization": 0
              }
            ],
            "cdn_policy": [],
            "circuit_breakers": [],
            "connection_draining_timeout_sec": 300,
            "consistent_hash": [],
            "creation_timestamp": "2023-03-12T13:33:34.511-07:00",
            "custom_request_headers": [],
            "custom_response_headers": [],
            "description": "",
            "enable_cdn": false,
            "fingerprint": "UCDHg_xF9bI=",
            "health_checks": [],
            "iap": [],
            "id": "projects/lptest-380322/global/backendServices/remmina-lb-backend-default",
            "load_balancing_scheme": "EXTERNAL",
            "locality_lb_policy": "",
            "log_config": [
              {
                "enable": true,
                "sample_rate": 1
              }
            ],
            "name": "remmina-lb-backend-default",
            "outlier_detection": [],
            "port_name": "http",
            "project": "lptest-380322",
            "protocol": "HTTP",
            "security_policy": "",
            "security_settings": [],
            "self_link": "https://www.googleapis.com/compute/v1/projects/lptest-380322/global/backendServices/remmina-lb-backend-default",
            "session_affinity": "NONE",
            "timeout_sec": 30,
            "timeouts": null
          },
          "sensitive_attributes": [],
          "private": "eyJlMmJmYjczMC1lY2FhLTExZTYtOGY4OC0zNDM2M2JjN2M0YzAiOnsiY3JlYXRlIjoyNDAwMDAwMDAwMDAsImRlbGV0ZSI6MjQwMDAwMDAwMDAwLCJ1cGRhdGUiOjI0MDAwMDAwMDAwMH0sInNjaGVtYV92ZXJzaW9uIjoiMSJ9",
          "dependencies": [
            "google_cloud_run_service.lp",
            "google_compute_global_address.private_ip_block",
            "google_compute_region_network_endpoint_group.lp_neg",
            "google_service_networking_connection.private_vpc_connection",
            "google_sql_database_instance.main",
            "google_vpc_access_connector.lp-connector",
            "module.vpc.module.subnets.google_compute_subnetwork.subnetwork",
            "module.vpc.module.vpc.google_compute_network.network",
            "random_password.db"
          ]
        }
      ]
    },
    {
      "module": "module.lb-http",
      "mode": "managed",
      "type": "google_compute_global_address",
      "name": "default",
      "provider": "provider[\"registry.terraform.io/hashicorp/google\"]",
      "instances": [
        {
          "index_key": 0,
          "schema_version": 0,
          "attributes": {
            "address": "34.160.16.24",
            "address_type": "EXTERNAL",
            "creation_timestamp": "2023-03-12T12:38:29.535-07:00",
            "description": "",
            "id": "projects/lptest-380322/global/addresses/remmina-lb-address",
            "ip_version": "",
            "name": "remmina-lb-address",
            "network": "",
            "prefix_length": 0,
            "project": "lptest-380322",
            "purpose": "",
            "self_link": "https://www.googleapis.com/compute/v1/projects/lptest-380322/global/addresses/remmina-lb-address",
            "timeouts": null
          },
          "sensitive_attributes": [],
          "private": "eyJlMmJmYjczMC1lY2FhLTExZTYtOGY4OC0zNDM2M2JjN2M0YzAiOnsiY3JlYXRlIjoyNDAwMDAwMDAwMDAsImRlbGV0ZSI6MjQwMDAwMDAwMDAwfX0="
        }
      ]
    },
    {
      "module": "module.lb-http",
      "mode": "managed",
      "type": "google_compute_global_forwarding_rule",
      "name": "http",
      "provider": "provider[\"registry.terraform.io/hashicorp/google\"]",
      "instances": [
        {
          "index_key": 0,
          "schema_version": 0,
          "attributes": {
            "description": "",
            "id": "projects/lptest-380322/global/forwardingRules/remmina-lb",
            "ip_address": "34.160.16.24",
            "ip_protocol": "TCP",
            "ip_version": "",
            "label_fingerprint": "42WmSpB8rSM=",
            "labels": {},
            "load_balancing_scheme": "EXTERNAL",
            "metadata_filters": [],
            "name": "remmina-lb",
            "network": "",
            "port_range": "80",
            "project": "lptest-380322",
            "self_link": "https://www.googleapis.com/compute/v1/projects/lptest-380322/global/forwardingRules/remmina-lb",
            "target": "https://www.googleapis.com/compute/v1/projects/lptest-380322/global/targetHttpProxies/remmina-lb-http-proxy",
            "timeouts": null
          },
          "sensitive_attributes": [],
          "private": "eyJlMmJmYjczMC1lY2FhLTExZTYtOGY4OC0zNDM2M2JjN2M0YzAiOnsiY3JlYXRlIjo2MDAwMDAwMDAwMDAsImRlbGV0ZSI6NjAwMDAwMDAwMDAwLCJ1cGRhdGUiOjYwMDAwMDAwMDAwMH19",
          "dependencies": [
            "google_cloud_run_service.lp",
            "google_compute_global_address.private_ip_block",
            "google_compute_region_network_endpoint_group.lp_neg",
            "google_service_networking_connection.private_vpc_connection",
            "google_sql_database_instance.main",
            "google_vpc_access_connector.lp-connector",
            "module.lb-http.google_compute_backend_service.default",
            "module.lb-http.google_compute_global_address.default",
            "module.lb-http.google_compute_target_http_proxy.default",
            "module.lb-http.google_compute_url_map.default",
            "module.lb-http.google_compute_url_map.https_redirect",
            "module.vpc.module.subnets.google_compute_subnetwork.subnetwork",
            "module.vpc.module.vpc.google_compute_network.network",
            "random_password.db"
          ]
        }
      ]
    },
    {
      "module": "module.lb-http",
      "mode": "managed",
      "type": "google_compute_target_http_proxy",
      "name": "default",
      "provider": "provider[\"registry.terraform.io/hashicorp/google\"]",
      "instances": [
        {
          "index_key": 0,
          "schema_version": 0,
          "attributes": {
            "creation_timestamp": "2023-03-12T13:34:07.601-07:00",
            "description": "",
            "id": "projects/lptest-380322/global/targetHttpProxies/remmina-lb-http-proxy",
            "name": "remmina-lb-http-proxy",
            "project": "lptest-380322",
            "proxy_bind": false,
            "proxy_id": 2602472819814271440,
            "self_link": "https://www.googleapis.com/compute/v1/projects/lptest-380322/global/targetHttpProxies/remmina-lb-http-proxy",
            "timeouts": null,
            "url_map": "https://www.googleapis.com/compute/v1/projects/lptest-380322/global/urlMaps/remmina-lb-url-map"
          },
          "sensitive_attributes": [],
          "private": "eyJlMmJmYjczMC1lY2FhLTExZTYtOGY4OC0zNDM2M2JjN2M0YzAiOnsiY3JlYXRlIjoyNDAwMDAwMDAwMDAsImRlbGV0ZSI6MjQwMDAwMDAwMDAwLCJ1cGRhdGUiOjI0MDAwMDAwMDAwMH19",
          "dependencies": [
            "google_cloud_run_service.lp",
            "google_compute_global_address.private_ip_block",
            "google_compute_region_network_endpoint_group.lp_neg",
            "google_service_networking_connection.private_vpc_connection",
            "google_sql_database_instance.main",
            "google_vpc_access_connector.lp-connector",
            "module.lb-http.google_compute_backend_service.default",
            "module.lb-http.google_compute_url_map.default",
            "module.lb-http.google_compute_url_map.https_redirect",
            "module.vpc.module.subnets.google_compute_subnetwork.subnetwork",
            "module.vpc.module.vpc.google_compute_network.network",
            "random_password.db"
          ]
        }
      ]
    },
    {
      "module": "module.lb-http",
      "mode": "managed",
      "type": "google_compute_url_map",
      "name": "default",
      "provider": "provider[\"registry.terraform.io/hashicorp/google\"]",
      "instances": [
        {
          "index_key": 0,
          "schema_version": 0,
          "attributes": {
            "creation_timestamp": "2023-03-12T13:33:56.307-07:00",
            "default_route_action": [],
            "default_service": "https://www.googleapis.com/compute/v1/projects/lptest-380322/global/backendServices/remmina-lb-backend-default",
            "default_url_redirect": [],
            "description": "",
            "fingerprint": "m603j9yXAMs=",
            "header_action": [],
            "host_rule": [],
            "id": "projects/lptest-380322/global/urlMaps/remmina-lb-url-map",
            "map_id": 3620808058162350555,
            "name": "remmina-lb-url-map",
            "path_matcher": [],
            "project": "lptest-380322",
            "self_link": "https://www.googleapis.com/compute/v1/projects/lptest-380322/global/urlMaps/remmina-lb-url-map",
            "test": [],
            "timeouts": null
          },
          "sensitive_attributes": [],
          "private": "eyJlMmJmYjczMC1lY2FhLTExZTYtOGY4OC0zNDM2M2JjN2M0YzAiOnsiY3JlYXRlIjoyNDAwMDAwMDAwMDAsImRlbGV0ZSI6MjQwMDAwMDAwMDAwLCJ1cGRhdGUiOjI0MDAwMDAwMDAwMH19",
          "dependencies": [
            "google_cloud_run_service.lp",
            "google_compute_global_address.private_ip_block",
            "google_compute_region_network_endpoint_group.lp_neg",
            "google_service_networking_connection.private_vpc_connection",
            "google_sql_database_instance.main",
            "google_vpc_access_connector.lp-connector",
            "module.lb-http.google_compute_backend_service.default",
            "module.vpc.module.subnets.google_compute_subnetwork.subnetwork",
            "module.vpc.module.vpc.google_compute_network.network",
            "random_password.db"
          ]
        }
      ]
    },
    {
      "module": "module.vpc.module.subnets",
      "mode": "managed",
      "type": "google_compute_subnetwork",
      "name": "subnetwork",
      "provider": "provider[\"registry.terraform.io/hashicorp/google\"]",
      "instances": [
        {
          "index_key": "us-central1/lp-pub",
          "schema_version": 0,
          "attributes": {
            "creation_timestamp": "2023-03-12T12:38:41.365-07:00",
            "description": "Public VPC",
            "external_ipv6_prefix": "",
            "fingerprint": null,
            "gateway_address": "10.10.0.1",
            "id": "projects/lptest-380322/regions/us-central1/subnetworks/lp-pub",
            "ip_cidr_range": "10.10.0.0/28",
            "ipv6_access_type": "",
            "ipv6_cidr_range": "",
            "log_config": [],
            "name": "lp-pub",
            "network": "https://www.googleapis.com/compute/v1/projects/lptest-380322/global/networks/lp",
            "private_ip_google_access": false,
            "private_ipv6_google_access": "DISABLE_GOOGLE_ACCESS",
            "project": "lptest-380322",
            "purpose": "PRIVATE",
            "region": "us-central1",
            "role": "",
            "secondary_ip_range": [],
            "self_link": "https://www.googleapis.com/compute/v1/projects/lptest-380322/regions/us-central1/subnetworks/lp-pub",
            "stack_type": "IPV4_ONLY",
            "timeouts": null
          },
          "sensitive_attributes": [],
          "private": "eyJlMmJmYjczMC1lY2FhLTExZTYtOGY4OC0zNDM2M2JjN2M0YzAiOnsiY3JlYXRlIjozNjAwMDAwMDAwMDAsImRlbGV0ZSI6MzYwMDAwMDAwMDAwLCJ1cGRhdGUiOjM2MDAwMDAwMDAwMH19",
          "dependencies": [
            "module.vpc.module.vpc.google_compute_network.network"
          ]
        },
        {
          "index_key": "us-central1/lp-pvt",
          "schema_version": 0,
          "attributes": {
            "creation_timestamp": "2023-03-12T12:38:40.885-07:00",
            "description": "Private VPC",
            "external_ipv6_prefix": "",
            "fingerprint": null,
            "gateway_address": "10.10.1.1",
            "id": "projects/lptest-380322/regions/us-central1/subnetworks/lp-pvt",
            "ip_cidr_range": "10.10.1.0/28",
            "ipv6_access_type": "",
            "ipv6_cidr_range": "",
            "log_config": [],
            "name": "lp-pvt",
            "network": "https://www.googleapis.com/compute/v1/projects/lptest-380322/global/networks/lp",
            "private_ip_google_access": true,
            "private_ipv6_google_access": "DISABLE_GOOGLE_ACCESS",
            "project": "lptest-380322",
            "purpose": "PRIVATE",
            "region": "us-central1",
            "role": "",
            "secondary_ip_range": [],
            "self_link": "https://www.googleapis.com/compute/v1/projects/lptest-380322/regions/us-central1/subnetworks/lp-pvt",
            "stack_type": "IPV4_ONLY",
            "timeouts": null
          },
          "sensitive_attributes": [],
          "private": "eyJlMmJmYjczMC1lY2FhLTExZTYtOGY4OC0zNDM2M2JjN2M0YzAiOnsiY3JlYXRlIjozNjAwMDAwMDAwMDAsImRlbGV0ZSI6MzYwMDAwMDAwMDAwLCJ1cGRhdGUiOjM2MDAwMDAwMDAwMH19",
          "dependencies": [
            "module.vpc.module.vpc.google_compute_network.network"
          ]
        }
      ]
    },
    {
      "module": "module.vpc.module.vpc",
      "mode": "managed",
      "type": "google_compute_network",
      "name": "network",
      "provider": "provider[\"registry.terraform.io/hashicorp/google\"]",
      "instances": [
        {
          "schema_version": 0,
          "attributes": {
            "auto_create_subnetworks": false,
            "delete_default_routes_on_create": false,
            "description": "",
            "gateway_ipv4": "",
            "id": "projects/lptest-380322/global/networks/lp",
            "mtu": 0,
            "name": "lp",
            "project": "lptest-380322",
            "routing_mode": "GLOBAL",
            "self_link": "https://www.googleapis.com/compute/v1/projects/lptest-380322/global/networks/lp",
            "timeouts": null
          },
          "sensitive_attributes": [],
          "private": "eyJlMmJmYjczMC1lY2FhLTExZTYtOGY4OC0zNDM2M2JjN2M0YzAiOnsiY3JlYXRlIjoyNDAwMDAwMDAwMDAsImRlbGV0ZSI6MjQwMDAwMDAwMDAwLCJ1cGRhdGUiOjI0MDAwMDAwMDAwMH19"
        }
      ]
    }
  ],
  "check_results": null
}
